
Microsoft Visual Studio Solution File, Format Version 12.00
# Visual Studio Version 16
VisualStudioVersion = 16.0.30503.244
MinimumVisualStudioVersion = 10.0.40219.1
Project("{8BC9CEB8-8B4A-11D0-8D11-00A0C91BC942}") = "ClassRoster by Ron Mercier", "ClassRoster by Ron Mercier\ClassRoster by Ron Mercier.vcxproj", "{9EF95455-A014-41BC-8F10-609555B27BEB}"
EndProject
Global
	GlobalSection(SolutionConfigurationPlatforms) = preSolution
		Debug|x64 = Debug|x64
		Debug|x86 = Debug|x86
		Release|x64 = Release|x64
		Release|x86 = Release|x86
	EndGlobalSection
	GlobalSection(ProjectConfigurationPlatforms) = postSolution
		{9EF95455-A014-41BC-8F10-609555B27BEB}.Debug|x64.ActiveCfg = Debug|x64
		{9EF95455-A014-41BC-8F10-609555B27BEB}.Debug|x64.Build.0 = Debug|x64
		{9EF95455-A014-41BC-8F10-609555B27BEB}.Debug|x86.ActiveCfg = Debug|Win32
		{9EF95455-A014-41BC-8F10-609555B27BEB}.Debug|x86.Build.0 = Debug|Win32
		{9EF95455-A014-41BC-8F10-609555B27BEB}.Release|x64.ActiveCfg = Release|x64
		{9EF95455-A014-41BC-8F10-609555B27BEB}.Release|x64.Build.0 = Release|x64
		{9EF95455-A014-41BC-8F10-609555B27BEB}.Release|x86.ActiveCfg = Release|Win32
		{9EF95455-A014-41BC-8F10-609555B27BEB}.Release|x86.Build.0 = Release|Win32
	EndGlobalSection
	GlobalSection(SolutionProperties) = preSolution
		HideSolutionNode = FALSE
	EndGlobalSection
	GlobalSection(ExtensibilityGlobals) = postSolution
		SolutionGuid = {32BE4511-61C4-4E58-848C-3C7DF5D2286A}
	EndGlobalSection
EndGlobal
